
Microsoft Visual Studio Solution File, Format Version 12.00
Project("{FAE04EC0-301F-11D3-BF4B-00C04F79EFBC}") = "Azure_SSO_POC", "Azure_SSO_POC\Azure_SSO_POC.csproj", "{F55BDF72-33DB-44F7-9557-D79D71E33018}"
EndProject
Global
	GlobalSection(SolutionConfigurationPlatforms) = preSolution
		Debug|Any CPU = Debug|Any CPU
		Release|Any CPU = Release|Any CPU
	EndGlobalSection
	GlobalSection(ProjectConfigurationPlatforms) = postSolution
		{F55BDF72-33DB-44F7-9557-D79D71E33018}.Debug|Any CPU.ActiveCfg = Debug|Any CPU
		{F55BDF72-33DB-44F7-9557-D79D71E33018}.Debug|Any CPU.Build.0 = Debug|Any CPU
		{F55BDF72-33DB-44F7-9557-D79D71E33018}.Release|Any CPU.ActiveCfg = Release|Any CPU
		{F55BDF72-33DB-44F7-9557-D79D71E33018}.Release|Any CPU.Build.0 = Release|Any CPU
	EndGlobalSection
EndGlobal
